
Microsoft Visual Studio Solution File, Format Version 12.00
# Visual Studio Version 17
VisualStudioVersion = 17.5.33424.131
MinimumVisualStudioVersion = 10.0.40219.1
Project("{9A19103F-16F7-4668-BE54-9A1E7A4F7556}") = "duckling_days.BLL", "duckling_days.BLL\duckling_days.BLL.csproj", "{4FCDBFC1-729F-42EC-B5F1-1161883017AD}"
EndProject
Project("{9A19103F-16F7-4668-BE54-9A1E7A4F7556}") = "duckling_days.DAL", "duckling_days.DAL\duckling_days.DAL.csproj", "{EC9ACF76-F719-4CC9-8218-3E58BF1CA0A5}"
EndProject
Project("{9A19103F-16F7-4668-BE54-9A1E7A4F7556}") = "duckling_days.MODEL", "duckling_days.MODEL\duckling_days.MODEL.csproj", "{7BBCF49E-DABB-453B-8B8F-2B485E9620C5}"
EndProject
Project("{FAE04EC0-301F-11D3-BF4B-00C04F79EFBC}") = "duckling_days.BLLService", "duckling_days.BLLService\duckling_days.BLLService.csproj", "{9BDCEA1D-11DF-4101-A7A6-ED09F7E91ECA}"
EndProject
Global
	GlobalSection(SolutionConfigurationPlatforms) = preSolution
		Debug|Any CPU = Debug|Any CPU
		Release|Any CPU = Release|Any CPU
	EndGlobalSection
	GlobalSection(ProjectConfigurationPlatforms) = postSolution
		{4FCDBFC1-729F-42EC-B5F1-1161883017AD}.Debug|Any CPU.ActiveCfg = Debug|Any CPU
		{4FCDBFC1-729F-42EC-B5F1-1161883017AD}.Debug|Any CPU.Build.0 = Debug|Any CPU
		{4FCDBFC1-729F-42EC-B5F1-1161883017AD}.Release|Any CPU.ActiveCfg = Release|Any CPU
		{4FCDBFC1-729F-42EC-B5F1-1161883017AD}.Release|Any CPU.Build.0 = Release|Any CPU
		{EC9ACF76-F719-4CC9-8218-3E58BF1CA0A5}.Debug|Any CPU.ActiveCfg = Debug|Any CPU
		{EC9ACF76-F719-4CC9-8218-3E58BF1CA0A5}.Debug|Any CPU.Build.0 = Debug|Any CPU
		{EC9ACF76-F719-4CC9-8218-3E58BF1CA0A5}.Release|Any CPU.ActiveCfg = Release|Any CPU
		{EC9ACF76-F719-4CC9-8218-3E58BF1CA0A5}.Release|Any CPU.Build.0 = Release|Any CPU
		{7BBCF49E-DABB-453B-8B8F-2B485E9620C5}.Debug|Any CPU.ActiveCfg = Debug|Any CPU
		{7BBCF49E-DABB-453B-8B8F-2B485E9620C5}.Debug|Any CPU.Build.0 = Debug|Any CPU
		{7BBCF49E-DABB-453B-8B8F-2B485E9620C5}.Release|Any CPU.ActiveCfg = Release|Any CPU
		{7BBCF49E-DABB-453B-8B8F-2B485E9620C5}.Release|Any CPU.Build.0 = Release|Any CPU
		{9BDCEA1D-11DF-4101-A7A6-ED09F7E91ECA}.Debug|Any CPU.ActiveCfg = Debug|Any CPU
		{9BDCEA1D-11DF-4101-A7A6-ED09F7E91ECA}.Debug|Any CPU.Build.0 = Debug|Any CPU
		{9BDCEA1D-11DF-4101-A7A6-ED09F7E91ECA}.Release|Any CPU.ActiveCfg = Release|Any CPU
		{9BDCEA1D-11DF-4101-A7A6-ED09F7E91ECA}.Release|Any CPU.Build.0 = Release|Any CPU
	EndGlobalSection
	GlobalSection(SolutionProperties) = preSolution
		HideSolutionNode = FALSE
	EndGlobalSection
	GlobalSection(ExtensibilityGlobals) = postSolution
		SolutionGuid = {9E43AD17-A1C6-4DFE-9169-97B4DE164C27}
	EndGlobalSection
EndGlobal
